# THIS IS AN AUTOGENERATED FILE. DO NOT EDIT THIS FILE DIRECTLY.
# yarn lockfile v1


rollup@^0.41.6:
  version "0.41.6"
  resolved "https://registry.npmjs.org/rollup/-/rollup-0.41.6.tgz#e0d05497877a398c104d816d2733a718a7a94e2a"
  dependencies:
    source-map-support "^0.4.0"

source-map-support@^0.4.0:
  version "0.4.14"
  resolved "https://registry.npmjs.org/source-map-support/-/source-map-support-0.4.14.tgz#9d4463772598b86271b4f523f6c1f4e02a7d6aef"
  dependencies:
    source-map "^0.5.6"

source-map@^0.5.6:
  version "0.5.6"
  resolved "https://registry.npmjs.org/source-map/-/source-map-0.5.6.tgz#75ce38f52bf0733c5a7f0c118d81334a2bb5f412"
